PODS:
  - CocoaAsyncSocket (7.5.1):
    - CocoaAsyncSocket/GCD (= 7.5.1)
  - CocoaAsyncSocket/GCD (7.5.1)
  - Color-Picker-for-iOS (2.0.2)
  - Firebase/AdMob (3.13.0):
    - Firebase/Core
    - Google-Mobile-Ads-SDK (= 7.17.0)
  - Firebase/Core (3.13.0):
    - FirebaseAnalytics (= 3.7.0)
    - FirebaseCore (= 3.5.0)
  - FirebaseAnalytics (3.7.0):
    - FirebaseCore (~> 3.5)
    - FirebaseInstanceID (~> 1.0)
    - GoogleToolboxForMac/NSData+zlib (~> 2.1)
  - FirebaseCore (3.5.0):
    - GoogleToolboxForMac/NSData+zlib (~> 2.1)
  - FirebaseInstanceID (1.0.9)
  - Google-Mobile-Ads-SDK (7.17.0)
  - GoogleToolboxForMac/Defines (2.1.1)
  - GoogleToolboxForMac/NSData+zlib (2.1.1):
    - GoogleToolboxForMac/Defines (= 2.1.1)
  - HexColors (2.3.0)
  - ICDMaterialActivityIndicatorView (0.1.2)
  - InAppSettingsKit (2.8.1)
  - NSHash (1.1.0)
  - PopoverView (0.0.2)
  - RMStore (0.7.1):
    - RMStore/Core (= 0.7.1)
  - RMStore/Core (0.7.1)
  - SVWebViewController (1.0)
  - TSMessages (0.9.13):
    - HexColors (~> 2.3.0)
  - UIColor+Hex (1.0.1):
    - UIColor+Hex/NSColor (= 1.0.1)
    - UIColor+Hex/UIColor (= 1.0.1)
  - UIColor+Hex/UIColor (1.0.1)

DEPENDENCIES:
  - CocoaAsyncSocket
  - Color-Picker-for-iOS (~> 2.0)
  - Firebase/AdMob
  - Firebase/Core
  - ICDMaterialActivityIndicatorView
  - InAppSettingsKit
  - NSHash (~> 1.1.0)
  - PopoverView (from `https://github.com/runway20/PopoverView.git`)
  - RMStore (~> 0.7)
  - SVWebViewController (from `https://github.com/TransitApp/SVWebViewController.git`)
  - TSMessages (from `https://github.com/rainwolf/TSMessages.git`)
  - UIColor+Hex

EXTERNAL SOURCES:
  PopoverView:
    :git: https://github.com/runway20/PopoverView.git
  SVWebViewController:
    :git: https://github.com/TransitApp/SVWebViewController.git
  TSMessages:
    :git: https://github.com/rainwolf/TSMessages.git

CHECKOUT OPTIONS:
  PopoverView:
    :commit: b542c8660bd448923cfd05e677577238f91d91e4
    :git: https://github.com/runway20/PopoverView.git
  SVWebViewController:
    :commit: 9abad6b852b6c2ad19bb3c28532cce53719e2a7f
    :git: https://github.com/TransitApp/SVWebViewController.git
  TSMessages:
    :commit: 6ecb24ffdaf4b3019e2818e95075315cf40d2bf1
    :git: https://github.com/rainwolf/TSMessages.git

SPEC CHECKSUMS:
  CocoaAsyncSocket: e0a7e93b2ffa411592ff87e58524fbbc9b95b4fa
  Color-Picker-for-iOS: 4980589b3e3cfe7198f227dd50be9adb02d8bc0b
  Firebase: 5bc34d7b5ff5792e3386c8b28dc6265deeab0da4
  FirebaseAnalytics: 0d1b7d81d5021155be37702a94ba1ec16d45365d
  FirebaseCore: 1c0a13bf59bb95cdd19577252499f0ec6a03e999
  FirebaseInstanceID: 2d0518b1378fe9d685ef40cbdd63d2fdc1125339
  Google-Mobile-Ads-SDK: a8bf4211624999b73e4184be516f94770b139525
  GoogleToolboxForMac: 8e329f1b599f2512c6b10676d45736bcc2cbbeb0
  HexColors: 6ad3947c3447a055a3aa8efa859def096351fe5f
  ICDMaterialActivityIndicatorView: 3f02a9dc9e52417023a98385d631c93d3f95c465
  InAppSettingsKit: 94d2fba3ccd700fc4e32c6d09fabcc0af2426744
  NSHash: 61d598c6d48957c5557f1eef0aeafd6ef5ec5fb7
  PopoverView: 51d31a7f2398afbff710dc7933a357bf2c3cbe72
  RMStore: 64ba13a9c040e3b7572765d169f77175cd3243e5
  SVWebViewController: aa2e18a41ff5f45be7aeec8e92ca5bcc50b5ebb1
  TSMessages: 6e403b790139636c15ab4f51946537095e03e79c
  UIColor+Hex: 9fee91bb8e19f17dd40a79ae1e98949a6a84489d

PODFILE CHECKSUM: bd8a68e0e3cb048d99dbc9f4e8f739285f4082a4

COCOAPODS: 1.1.1
